
Microsoft Visual Studio Solution File, Format Version 12.00
# Visual Studio 15
VisualStudioVersion = 15.0.28010.2041
MinimumVisualStudioVersion = 10.0.40219.1
Project("{FAE04EC0-301F-11D3-BF4B-00C04F79EFBC}") = "InsuranceQuoteGenerator", "InsuranceQuoteGenerator\InsuranceQuoteGenerator.csproj", "{22B5D3ED-36C0-413D-A771-D59FFF74636E}"
EndProject
Global
	GlobalSection(SolutionConfigurationPlatforms) = preSolution
		Debug|Any CPU = Debug|Any CPU
		Release|Any CPU = Release|Any CPU
	EndGlobalSection
	GlobalSection(ProjectConfigurationPlatforms) = postSolution
		{22B5D3ED-36C0-413D-A771-D59FFF74636E}.Debug|Any CPU.ActiveCfg = Debug|Any CPU
		{22B5D3ED-36C0-413D-A771-D59FFF74636E}.Debug|Any CPU.Build.0 = Debug|Any CPU
		{22B5D3ED-36C0-413D-A771-D59FFF74636E}.Release|Any CPU.ActiveCfg = Release|Any CPU
		{22B5D3ED-36C0-413D-A771-D59FFF74636E}.Release|Any CPU.Build.0 = Release|Any CPU
	EndGlobalSection
	GlobalSection(SolutionProperties) = preSolution
		HideSolutionNode = FALSE
	EndGlobalSection
	GlobalSection(ExtensibilityGlobals) = postSolution
		SolutionGuid = {A986D21C-328B-4290-B59F-26C94FED54F5}
	EndGlobalSection
EndGlobal
